{
  "version": 4,
  "terraform_version": "1.3.8",
  "serial": 8,
  "lineage": "a1077fb4-8522-34e1-b359-f403e42261b3",
  "outputs": {
    "web_addr": {
      "value": "http://18.179.196.195",
      "type": "string"
    }
  },
  "resources": [
    {
      "module": "module.web",
      "mode": "managed",
      "type": "aws_instance",
      "name": "web_ec2",
      "provider": "module.web.provider[\"registry.terraform.io/hashicorp/aws\"]",
      "instances": [
        {
          "schema_version": 2,
          "attributes": {
            "ami": "ami-094dc5cf74289dfbc",
            "arn": "arn:aws:ec2:ap-northeast-1:374146079343:instance/i-0bda951499ac21d3b",
            "associate_public_ip_address": true,
            "availability_zone": "ap-northeast-1a",
            "capacity_reservation_specification": [
              {
                "capacity_reservation_preference": "open",
                "capacity_reservation_target": []
              }
            ],
            "cpu_options": [
              {
                "amd_sev_snp": "",
                "core_count": 1,
                "threads_per_core": 1
              }
            ],
            "credit_specification": [
              {
                "cpu_credits": "standard"
              }
            ],
            "disable_api_stop": false,
            "disable_api_termination": false,
            "ebs_block_device": [],
            "ebs_optimized": false,
            "enable_primary_ipv6": null,
            "enclave_options": [
              {
                "enabled": false
              }
            ],
            "ephemeral_block_device": [],
            "force_destroy": false,
            "get_password_data": false,
            "hibernation": false,
            "host_id": "",
            "host_resource_group_arn": null,
            "iam_instance_profile": "",
            "id": "i-0bda951499ac21d3b",
            "instance_initiated_shutdown_behavior": "stop",
            "instance_lifecycle": "",
            "instance_market_options": [],
            "instance_state": "running",
            "instance_type": "t2.micro",
            "ipv6_address_count": 0,
            "ipv6_addresses": [],
            "key_name": "",
            "launch_template": [],
            "maintenance_options": [
              {
                "auto_recovery": "default"
              }
            ],
            "metadata_options": [
              {
                "http_endpoint": "enabled",
                "http_protocol_ipv6": "disabled",
                "http_put_response_hop_limit": 2,
                "http_tokens": "required",
                "instance_metadata_tags": "disabled"
              }
            ],
            "monitoring": false,
            "network_interface": [],
            "outpost_arn": "",
            "password_data": "",
            "placement_group": "",
            "placement_group_id": "",
            "placement_partition_number": 0,
            "primary_network_interface": [
              {
                "delete_on_termination": true,
                "network_interface_id": "eni-0705153681c44c489"
              }
            ],
            "primary_network_interface_id": "eni-0705153681c44c489",
            "private_dns": "ip-10-0-0-21.ap-northeast-1.compute.internal",
            "private_dns_name_options": [
              {
                "enable_resource_name_dns_a_record": false,
                "enable_resource_name_dns_aaaa_record": false,
                "hostname_type": "ip-name"
              }
            ],
            "private_ip": "10.0.0.21",
            "public_dns": "",
            "public_ip": "18.179.196.195",
            "region": "ap-northeast-1",
            "root_block_device": [
              {
                "delete_on_termination": true,
                "device_name": "/dev/xvda",
                "encrypted": true,
                "iops": 3000,
                "kms_key_id": "arn:aws:kms:ap-northeast-1:374146079343:key/562e178b-67bc-4d6f-b7f0-42f85f9956e0",
                "tags": {},
                "tags_all": {},
                "throughput": 125,
                "volume_id": "vol-00ecee33f389272e2",
                "volume_size": 8,
                "volume_type": "gp3"
              }
            ],
            "secondary_private_ips": [],
            "security_groups": [
              "sg-01ee8343f063e05ee"
            ],
            "source_dest_check": true,
            "spot_instance_request_id": "",
            "subnet_id": "subnet-0d158d18f26b3dcfa",
            "tags": {
              "Name": "dev-web-ec2"
            },
            "tags_all": {
              "Name": "dev-web-ec2"
            },
            "tenancy": "default",
            "timeouts": null,
            "user_data": "#!/bin/bash\ndnf update -y\ndnf install -y nginx\nsystemctl enable --now nginx\ncat \u003c\u003cEOG \u003e /usr/share/nginx/html/index.html\n    \u003cdiv style=\"text-align:center; font-size:1.5em; color:#333; margin:20px; line-height:1.8;\"\u003e\n        \u003cb\u003eenv: dev\u003c/b\u003e\u003cbr\u003e\n        \u003cb\u003eapp_name: web\u003c/b\u003e\u003cbr\u003e\n        \u003cb\u003ename_prefix: dev-web\u003c/b\u003e\u003cbr\u003e\n        \u003cb\u003emyip: 106.72.212.65\u003c/b\u003e\n    \u003c/div\u003e\nEOG\n",
            "user_data_base64": null,
            "user_data_replace_on_change": false,
            "volume_tags": null,
            "vpc_security_group_ids": [
              "sg-01ee8343f063e05ee"
            ]
          },
          "sensitive_attributes": [],
          "private": "eyJlMmJmYjczMC1lY2FhLTExZTYtOGY4OC0zNDM2M2JjN2M0YzAiOnsiY3JlYXRlIjo2MDAwMDAwMDAwMDAsImRlbGV0ZSI6MTIwMDAwMDAwMDAwMCwicmVhZCI6OTAwMDAwMDAwMDAwLCJ1cGRhdGUiOjYwMDAwMDAwMDAwMH0sInNjaGVtYV92ZXJzaW9uIjoiMiJ9",
          "dependencies": [
            "module.web.aws_security_group.web_sg",
            "module.web.aws_subnet.web_subnet",
            "module.web.aws_vpc.web_vpc"
          ]
        }
      ]
    },
    {
      "module": "module.web",
      "mode": "managed",
      "type": "aws_internet_gateway",
      "name": "web_igw",
      "provider": "module.web.provider[\"registry.terraform.io/hashicorp/aws\"]",
      "instances": [
        {
          "schema_version": 0,
          "attributes": {
            "arn": "arn:aws:ec2:ap-northeast-1:374146079343:internet-gateway/igw-01db655116186855f",
            "id": "igw-01db655116186855f",
            "owner_id": "374146079343",
            "region": "ap-northeast-1",
            "tags": {
              "Name": "dev-web-igw"
            },
            "tags_all": {
              "Name": "dev-web-igw"
            },
            "timeouts": null,
            "vpc_id": "vpc-0809af50271eecb83"
          },
          "sensitive_attributes": [],
          "private": "eyJlMmJmYjczMC1lY2FhLTExZTYtOGY4OC0zNDM2M2JjN2M0YzAiOnsiY3JlYXRlIjoxMjAwMDAwMDAwMDAwLCJkZWxldGUiOjEyMDAwMDAwMDAwMDAsInVwZGF0ZSI6MTIwMDAwMDAwMDAwMH19",
          "dependencies": [
            "module.web.aws_vpc.web_vpc"
          ]
        }
      ]
    },
    {
      "module": "module.web",
      "mode": "managed",
      "type": "aws_route_table",
      "name": "web_public_rtb",
      "provider": "module.web.provider[\"registry.terraform.io/hashicorp/aws\"]",
      "instances": [
        {
          "schema_version": 0,
          "attributes": {
            "arn": "arn:aws:ec2:ap-northeast-1:374146079343:route-table/rtb-0c704c710544f96a1",
            "id": "rtb-0c704c710544f96a1",
            "owner_id": "374146079343",
            "propagating_vgws": [],
            "region": "ap-northeast-1",
            "route": [
              {
                "carrier_gateway_id": "",
                "cidr_block": "0.0.0.0/0",
                "core_network_arn": "",
                "destination_prefix_list_id": "",
                "egress_only_gateway_id": "",
                "gateway_id": "igw-01db655116186855f",
                "ipv6_cidr_block": "",
                "local_gateway_id": "",
                "nat_gateway_id": "",
                "network_interface_id": "",
                "transit_gateway_id": "",
                "vpc_endpoint_id": "",
                "vpc_peering_connection_id": ""
              }
            ],
            "tags": {
              "Name": "dev-web-public-rtb"
            },
            "tags_all": {
              "Name": "dev-web-public-rtb"
            },
            "timeouts": null,
            "vpc_id": "vpc-0809af50271eecb83"
          },
          "sensitive_attributes": [],
          "private": "eyJlMmJmYjczMC1lY2FhLTExZTYtOGY4OC0zNDM2M2JjN2M0YzAiOnsiY3JlYXRlIjozMDAwMDAwMDAwMDAsImRlbGV0ZSI6MzAwMDAwMDAwMDAwLCJ1cGRhdGUiOjEyMDAwMDAwMDAwMH19",
          "dependencies": [
            "module.web.aws_internet_gateway.web_igw",
            "module.web.aws_vpc.web_vpc"
          ]
        }
      ]
    },
    {
      "module": "module.web",
      "mode": "managed",
      "type": "aws_route_table_association",
      "name": "web_public_rtb_assoc",
      "provider": "module.web.provider[\"registry.terraform.io/hashicorp/aws\"]",
      "instances": [
        {
          "schema_version": 0,
          "attributes": {
            "gateway_id": "",
            "id": "rtbassoc-054f0a76480bb8c21",
            "region": "ap-northeast-1",
            "route_table_id": "rtb-0c704c710544f96a1",
            "subnet_id": "subnet-0d158d18f26b3dcfa",
            "timeouts": null
          },
          "sensitive_attributes": [],
          "private": "eyJlMmJmYjczMC1lY2FhLTExZTYtOGY4OC0zNDM2M2JjN2M0YzAiOnsiY3JlYXRlIjozMDAwMDAwMDAwMDAsImRlbGV0ZSI6MzAwMDAwMDAwMDAwLCJ1cGRhdGUiOjEyMDAwMDAwMDAwMH19",
          "dependencies": [
            "module.web.aws_internet_gateway.web_igw",
            "module.web.aws_route_table.web_public_rtb",
            "module.web.aws_subnet.web_subnet",
            "module.web.aws_vpc.web_vpc"
          ]
        }
      ]
    },
    {
      "module": "module.web",
      "mode": "managed",
      "type": "aws_security_group",
      "name": "web_sg",
      "provider": "module.web.provider[\"registry.terraform.io/hashicorp/aws\"]",
      "instances": [
        {
          "schema_version": 1,
          "attributes": {
            "arn": "arn:aws:ec2:ap-northeast-1:374146079343:security-group/sg-01ee8343f063e05ee",
            "description": "Allow HTTP access from my IP",
            "egress": [
              {
                "cidr_blocks": [
                  "0.0.0.0/0"
                ],
                "description": "",
                "from_port": 0,
                "ipv6_cidr_blocks": [],
                "prefix_list_ids": [],
                "protocol": "-1",
                "security_groups": [],
                "self": false,
                "to_port": 0
              }
            ],
            "id": "sg-01ee8343f063e05ee",
            "ingress": [
              {
                "cidr_blocks": [
                  "106.72.212.65/32"
                ],
                "description": "Allow HTTP traffic from my IP",
                "from_port": 80,
                "ipv6_cidr_blocks": [],
                "prefix_list_ids": [],
                "protocol": "tcp",
                "security_groups": [],
                "self": false,
                "to_port": 80
              }
            ],
            "name": "dev-web-sg",
            "name_prefix": "",
            "owner_id": "374146079343",
            "region": "ap-northeast-1",
            "revoke_rules_on_delete": false,
            "tags": {
              "Name": "dev-web-sg"
            },
            "tags_all": {
              "Name": "dev-web-sg"
            },
            "timeouts": null,
            "vpc_id": "vpc-0809af50271eecb83"
          },
          "sensitive_attributes": [],
          "private": "eyJlMmJmYjczMC1lY2FhLTExZTYtOGY4OC0zNDM2M2JjN2M0YzAiOnsiY3JlYXRlIjo2MDAwMDAwMDAwMDAsImRlbGV0ZSI6OTAwMDAwMDAwMDAwfSwic2NoZW1hX3ZlcnNpb24iOiIxIn0=",
          "dependencies": [
            "module.web.aws_vpc.web_vpc"
          ]
        }
      ]
    },
    {
      "module": "module.web",
      "mode": "managed",
      "type": "aws_subnet",
      "name": "web_subnet",
      "provider": "module.web.provider[\"registry.terraform.io/hashicorp/aws\"]",
      "instances": [
        {
          "schema_version": 1,
          "attributes": {
            "arn": "arn:aws:ec2:ap-northeast-1:374146079343:subnet/subnet-0d158d18f26b3dcfa",
            "assign_ipv6_address_on_creation": false,
            "availability_zone": "ap-northeast-1a",
            "availability_zone_id": "apne1-az4",
            "cidr_block": "10.0.0.0/24",
            "customer_owned_ipv4_pool": "",
            "enable_dns64": false,
            "enable_lni_at_device_index": 0,
            "enable_resource_name_dns_a_record_on_launch": false,
            "enable_resource_name_dns_aaaa_record_on_launch": false,
            "id": "subnet-0d158d18f26b3dcfa",
            "ipv6_cidr_block": "",
            "ipv6_cidr_block_association_id": "",
            "ipv6_native": false,
            "map_customer_owned_ip_on_launch": false,
            "map_public_ip_on_launch": true,
            "outpost_arn": "",
            "owner_id": "374146079343",
            "private_dns_hostname_type_on_launch": "ip-name",
            "region": "ap-northeast-1",
            "tags": {
              "Name": "dev-web-public_subnet"
            },
            "tags_all": {
              "Name": "dev-web-public_subnet"
            },
            "timeouts": null,
            "vpc_id": "vpc-0809af50271eecb83"
          },
          "sensitive_attributes": [],
          "private": "eyJlMmJmYjczMC1lY2FhLTExZTYtOGY4OC0zNDM2M2JjN2M0YzAiOnsiY3JlYXRlIjo2MDAwMDAwMDAwMDAsImRlbGV0ZSI6MTIwMDAwMDAwMDAwMH0sInNjaGVtYV92ZXJzaW9uIjoiMSJ9",
          "dependencies": [
            "module.web.aws_vpc.web_vpc"
          ]
        }
      ]
    },
    {
      "module": "module.web",
      "mode": "managed",
      "type": "aws_vpc",
      "name": "web_vpc",
      "provider": "module.web.provider[\"registry.terraform.io/hashicorp/aws\"]",
      "instances": [
        {
          "schema_version": 1,
          "attributes": {
            "arn": "arn:aws:ec2:ap-northeast-1:374146079343:vpc/vpc-0809af50271eecb83",
            "assign_generated_ipv6_cidr_block": false,
            "cidr_block": "10.0.0.0/16",
            "default_network_acl_id": "acl-0bf95ce48f20bdce2",
            "default_route_table_id": "rtb-01044ebbd0cd7a9a2",
            "default_security_group_id": "sg-019f563ab9baace36",
            "dhcp_options_id": "dopt-0cbade34302b73ce4",
            "enable_dns_hostnames": false,
            "enable_dns_support": true,
            "enable_network_address_usage_metrics": false,
            "id": "vpc-0809af50271eecb83",
            "instance_tenancy": "default",
            "ipv4_ipam_pool_id": null,
            "ipv4_netmask_length": null,
            "ipv6_association_id": "",
            "ipv6_cidr_block": "",
            "ipv6_cidr_block_network_border_group": "",
            "ipv6_ipam_pool_id": "",
            "ipv6_netmask_length": 0,
            "main_route_table_id": "rtb-01044ebbd0cd7a9a2",
            "owner_id": "374146079343",
            "region": "ap-northeast-1",
            "tags": {
              "Name": "dev-web-vpc"
            },
            "tags_all": {
              "Name": "dev-web-vpc"
            }
          },
          "sensitive_attributes": [],
          "private": "eyJzY2hlbWFfdmVyc2lvbiI6IjEifQ=="
        }
      ]
    }
  ],
  "check_results": null
}
